
Microsoft Visual Studio Solution File, Format Version 12.00
# Visual Studio Version 17
VisualStudioVersion = 17.5.002.0
MinimumVisualStudioVersion = 10.0.40219.1
Project("{9A19103F-16F7-4668-BE54-9A1E7A4F7556}") = "Modulo", "Modulo.csproj", "{60CF3F1D-D3C1-4D41-850C-0988440258EE}"
EndProject
Global
	GlobalSection(SolutionConfigurationPlatforms) = preSolution
		Debug|Any CPU = Debug|Any CPU
		Release|Any CPU = Release|Any CPU
	EndGlobalSection
	GlobalSection(ProjectConfigurationPlatforms) = postSolution
		{60CF3F1D-D3C1-4D41-850C-0988440258EE}.Debug|Any CPU.ActiveCfg = Debug|Any CPU
		{60CF3F1D-D3C1-4D41-850C-0988440258EE}.Debug|Any CPU.Build.0 = Debug|Any CPU
		{60CF3F1D-D3C1-4D41-850C-0988440258EE}.Release|Any CPU.ActiveCfg = Release|Any CPU
		{60CF3F1D-D3C1-4D41-850C-0988440258EE}.Release|Any CPU.Build.0 = Release|Any CPU
	EndGlobalSection
	GlobalSection(SolutionProperties) = preSolution
		HideSolutionNode = FALSE
	EndGlobalSection
	GlobalSection(ExtensibilityGlobals) = postSolution
		SolutionGuid = {4BA6F9E9-D784-4696-8228-64E0AAD2A9B4}
	EndGlobalSection
EndGlobal
